
Microsoft Visual Studio Solution File, Format Version 12.00
# Visual Studio Version 16
VisualStudioVersion = 16.0.31727.386
MinimumVisualStudioVersion = 10.0.40219.1
Project("{2150E333-8FDC-42A3-9474-1A3956D46DE8}") = "0 - Solution Config", "0 - Solution Config", "{28201C25-2410-4E55-A102-8AE0BBBA6DEE}"
	ProjectSection(SolutionItems) = preProject
		.editorconfig = .editorconfig
		.gitattributes = .gitattributes
		.gitignore = .gitignore
	EndProjectSection
EndProject
Project("{2150E333-8FDC-42A3-9474-1A3956D46DE8}") = "Services", "Services", "{573E894D-F4BE-476E-84E4-1450702B7F75}"
EndProject
Project("{2150E333-8FDC-42A3-9474-1A3956D46DE8}") = "WebApps", "WebApps", "{FAAD031E-D7B6-47E5-96BA-5D6CE42C36DE}"
EndProject
Project("{2150E333-8FDC-42A3-9474-1A3956D46DE8}") = "Catalogo", "Catalogo", "{C2AC4B6C-6D2C-4689-9AB4-25733E8C4288}"
EndProject
Project("{2150E333-8FDC-42A3-9474-1A3956D46DE8}") = "Core", "Core", "{83E8EA65-E0B6-4CA8-964C-E7E4051C8925}"
EndProject
Project("{2150E333-8FDC-42A3-9474-1A3956D46DE8}") = "Fiscal", "Fiscal", "{3F494C10-A530-4ACF-A95B-7BD8CDFDD36B}"
EndProject
Project("{2150E333-8FDC-42A3-9474-1A3956D46DE8}") = "Pagamentos", "Pagamentos", "{4D76E866-E2CB-4084-94D6-EB57FF6D27E1}"
EndProject
Project("{2150E333-8FDC-42A3-9474-1A3956D46DE8}") = "Vendas", "Vendas", "{73CB8904-5617-4D71-8BF5-198E8B54193C}"
EndProject
Project("{9A19103F-16F7-4668-BE54-9A1E7A4F7556}") = "NerdStore.Catalogo.Domain", "src\NerdStore.Catalogo.Domain\NerdStore.Catalogo.Domain.csproj", "{70367F0F-E5A6-4473-A049-654921083D2E}"
EndProject
Project("{9A19103F-16F7-4668-BE54-9A1E7A4F7556}") = "NerdStore.Core", "src\NerdStore.Core\NerdStore.Core.csproj", "{17A308C4-4AFC-4D37-B91A-DD5C07EBBED2}"
EndProject
Project("{2150E333-8FDC-42A3-9474-1A3956D46DE8}") = "Tests", "Tests", "{45F85124-02D7-4233-8BE8-AA6E1B3CDE7E}"
EndProject
Project("{9A19103F-16F7-4668-BE54-9A1E7A4F7556}") = "NerdStore.Catalogo.Domain.Tests", "tests\NerdStore.Catalogo.Domain.Tests\NerdStore.Catalogo.Domain.Tests.csproj", "{62198572-6086-4A57-A5D4-59068B736EAA}"
EndProject
Project("{9A19103F-16F7-4668-BE54-9A1E7A4F7556}") = "NerdStore.Catalogo.Data", "src\NerdStore.Catalogo.Data\NerdStore.Catalogo.Data.csproj", "{4019D884-293F-4D14-9D17-B8F8F09BE3F9}"
EndProject
Project("{9A19103F-16F7-4668-BE54-9A1E7A4F7556}") = "NerdStore.Catalogo.Application", "src\NerdStore.Catalogo.Application\NerdStore.Catalogo.Application.csproj", "{DC4A84A7-03D2-4AAD-BF33-7C9633BD8C45}"
EndProject
Project("{9A19103F-16F7-4668-BE54-9A1E7A4F7556}") = "NerdStore.WebApp.Mvc", "src\NerdStore.WebApp.Mvc\NerdStore.WebApp.Mvc.csproj", "{025487DD-E3EF-4561-9F8E-F103FB73A199}"
EndProject
Project("{9A19103F-16F7-4668-BE54-9A1E7A4F7556}") = "NerdStore.Vendas.Application", "src\NerdStore.Vendas.Application\NerdStore.Vendas.Application.csproj", "{64872FC5-0CA1-4E41-8B72-A9DDEA0BA34C}"
EndProject
Project("{9A19103F-16F7-4668-BE54-9A1E7A4F7556}") = "NerdStore.Vendas.Domain", "src\NerdStore.Vendas.Domain\NerdStore.Vendas.Domain.csproj", "{324996A5-4A6A-4A09-A809-0154AAA489B8}"
EndProject
Project("{2150E333-8FDC-42A3-9474-1A3956D46DE8}") = "Tests", "Tests", "{50DC30C8-0435-4AC7-B37D-C816A53EF8F8}"
EndProject
Project("{FAE04EC0-301F-11D3-BF4B-00C04F79EFBC}") = "NerdStore.Vendas.Domain.Tests", "tests\NerdStore.Vendas.Domain.Tests\NerdStore.Vendas.Domain.Tests.csproj", "{34CE7AB7-2EC3-4E0A-8BEF-B1DB71525084}"
EndProject
Project("{9A19103F-16F7-4668-BE54-9A1E7A4F7556}") = "NerdStore.Vendas.Data", "src\NerdStore.Vendas.Data\NerdStore.Vendas.Data.csproj", "{1F8AA3CC-576E-45B5-A9AF-0F1200974BA7}"
EndProject
Global
	GlobalSection(SolutionConfigurationPlatforms) = preSolution
		Debug|Any CPU = Debug|Any CPU
		Release|Any CPU = Release|Any CPU
	EndGlobalSection
	GlobalSection(ProjectConfigurationPlatforms) = postSolution
		{70367F0F-E5A6-4473-A049-654921083D2E}.Debug|Any CPU.ActiveCfg = Debug|Any CPU
		{70367F0F-E5A6-4473-A049-654921083D2E}.Debug|Any CPU.Build.0 = Debug|Any CPU
		{70367F0F-E5A6-4473-A049-654921083D2E}.Release|Any CPU.ActiveCfg = Release|Any CPU
		{70367F0F-E5A6-4473-A049-654921083D2E}.Release|Any CPU.Build.0 = Release|Any CPU
		{17A308C4-4AFC-4D37-B91A-DD5C07EBBED2}.Debug|Any CPU.ActiveCfg = Debug|Any CPU
		{17A308C4-4AFC-4D37-B91A-DD5C07EBBED2}.Debug|Any CPU.Build.0 = Debug|Any CPU
		{17A308C4-4AFC-4D37-B91A-DD5C07EBBED2}.Release|Any CPU.ActiveCfg = Release|Any CPU
		{17A308C4-4AFC-4D37-B91A-DD5C07EBBED2}.Release|Any CPU.Build.0 = Release|Any CPU
		{62198572-6086-4A57-A5D4-59068B736EAA}.Debug|Any CPU.ActiveCfg = Debug|Any CPU
		{62198572-6086-4A57-A5D4-59068B736EAA}.Debug|Any CPU.Build.0 = Debug|Any CPU
		{62198572-6086-4A57-A5D4-59068B736EAA}.Release|Any CPU.ActiveCfg = Release|Any CPU
		{62198572-6086-4A57-A5D4-59068B736EAA}.Release|Any CPU.Build.0 = Release|Any CPU
		{4019D884-293F-4D14-9D17-B8F8F09BE3F9}.Debug|Any CPU.ActiveCfg = Debug|Any CPU
		{4019D884-293F-4D14-9D17-B8F8F09BE3F9}.Debug|Any CPU.Build.0 = Debug|Any CPU
		{4019D884-293F-4D14-9D17-B8F8F09BE3F9}.Release|Any CPU.ActiveCfg = Release|Any CPU
		{4019D884-293F-4D14-9D17-B8F8F09BE3F9}.Release|Any CPU.Build.0 = Release|Any CPU
		{DC4A84A7-03D2-4AAD-BF33-7C9633BD8C45}.Debug|Any CPU.ActiveCfg = Debug|Any CPU
		{DC4A84A7-03D2-4AAD-BF33-7C9633BD8C45}.Debug|Any CPU.Build.0 = Debug|Any CPU
		{DC4A84A7-03D2-4AAD-BF33-7C9633BD8C45}.Release|Any CPU.ActiveCfg = Release|Any CPU
		{DC4A84A7-03D2-4AAD-BF33-7C9633BD8C45}.Release|Any CPU.Build.0 = Release|Any CPU
		{025487DD-E3EF-4561-9F8E-F103FB73A199}.Debug|Any CPU.ActiveCfg = Debug|Any CPU
		{025487DD-E3EF-4561-9F8E-F103FB73A199}.Debug|Any CPU.Build.0 = Debug|Any CPU
		{025487DD-E3EF-4561-9F8E-F103FB73A199}.Release|Any CPU.ActiveCfg = Release|Any CPU
		{025487DD-E3EF-4561-9F8E-F103FB73A199}.Release|Any CPU.Build.0 = Release|Any CPU
		{64872FC5-0CA1-4E41-8B72-A9DDEA0BA34C}.Debug|Any CPU.ActiveCfg = Debug|Any CPU
		{64872FC5-0CA1-4E41-8B72-A9DDEA0BA34C}.Debug|Any CPU.Build.0 = Debug|Any CPU
		{64872FC5-0CA1-4E41-8B72-A9DDEA0BA34C}.Release|Any CPU.ActiveCfg = Release|Any CPU
		{64872FC5-0CA1-4E41-8B72-A9DDEA0BA34C}.Release|Any CPU.Build.0 = Release|Any CPU
		{324996A5-4A6A-4A09-A809-0154AAA489B8}.Debug|Any CPU.ActiveCfg = Debug|Any CPU
		{324996A5-4A6A-4A09-A809-0154AAA489B8}.Debug|Any CPU.Build.0 = Debug|Any CPU
		{324996A5-4A6A-4A09-A809-0154AAA489B8}.Release|Any CPU.ActiveCfg = Release|Any CPU
		{324996A5-4A6A-4A09-A809-0154AAA489B8}.Release|Any CPU.Build.0 = Release|Any CPU
		{34CE7AB7-2EC3-4E0A-8BEF-B1DB71525084}.Debug|Any CPU.ActiveCfg = Debug|Any CPU
		{34CE7AB7-2EC3-4E0A-8BEF-B1DB71525084}.Debug|Any CPU.Build.0 = Debug|Any CPU
		{34CE7AB7-2EC3-4E0A-8BEF-B1DB71525084}.Release|Any CPU.ActiveCfg = Release|Any CPU
		{34CE7AB7-2EC3-4E0A-8BEF-B1DB71525084}.Release|Any CPU.Build.0 = Release|Any CPU
		{1F8AA3CC-576E-45B5-A9AF-0F1200974BA7}.Debug|Any CPU.ActiveCfg = Debug|Any CPU
		{1F8AA3CC-576E-45B5-A9AF-0F1200974BA7}.Debug|Any CPU.Build.0 = Debug|Any CPU
		{1F8AA3CC-576E-45B5-A9AF-0F1200974BA7}.Release|Any CPU.ActiveCfg = Release|Any CPU
		{1F8AA3CC-576E-45B5-A9AF-0F1200974BA7}.Release|Any CPU.Build.0 = Release|Any CPU
	EndGlobalSection
	GlobalSection(SolutionProperties) = preSolution
		HideSolutionNode = FALSE
	EndGlobalSection
	GlobalSection(NestedProjects) = preSolution
		{C2AC4B6C-6D2C-4689-9AB4-25733E8C4288} = {573E894D-F4BE-476E-84E4-1450702B7F75}
		{83E8EA65-E0B6-4CA8-964C-E7E4051C8925} = {573E894D-F4BE-476E-84E4-1450702B7F75}
		{3F494C10-A530-4ACF-A95B-7BD8CDFDD36B} = {573E894D-F4BE-476E-84E4-1450702B7F75}
		{4D76E866-E2CB-4084-94D6-EB57FF6D27E1} = {573E894D-F4BE-476E-84E4-1450702B7F75}
		{73CB8904-5617-4D71-8BF5-198E8B54193C} = {573E894D-F4BE-476E-84E4-1450702B7F75}
		{70367F0F-E5A6-4473-A049-654921083D2E} = {C2AC4B6C-6D2C-4689-9AB4-25733E8C4288}
		{17A308C4-4AFC-4D37-B91A-DD5C07EBBED2} = {83E8EA65-E0B6-4CA8-964C-E7E4051C8925}
		{45F85124-02D7-4233-8BE8-AA6E1B3CDE7E} = {C2AC4B6C-6D2C-4689-9AB4-25733E8C4288}
		{62198572-6086-4A57-A5D4-59068B736EAA} = {45F85124-02D7-4233-8BE8-AA6E1B3CDE7E}
		{4019D884-293F-4D14-9D17-B8F8F09BE3F9} = {C2AC4B6C-6D2C-4689-9AB4-25733E8C4288}
		{DC4A84A7-03D2-4AAD-BF33-7C9633BD8C45} = {C2AC4B6C-6D2C-4689-9AB4-25733E8C4288}
		{025487DD-E3EF-4561-9F8E-F103FB73A199} = {FAAD031E-D7B6-47E5-96BA-5D6CE42C36DE}
		{64872FC5-0CA1-4E41-8B72-A9DDEA0BA34C} = {73CB8904-5617-4D71-8BF5-198E8B54193C}
		{324996A5-4A6A-4A09-A809-0154AAA489B8} = {73CB8904-5617-4D71-8BF5-198E8B54193C}
		{50DC30C8-0435-4AC7-B37D-C816A53EF8F8} = {73CB8904-5617-4D71-8BF5-198E8B54193C}
		{34CE7AB7-2EC3-4E0A-8BEF-B1DB71525084} = {50DC30C8-0435-4AC7-B37D-C816A53EF8F8}
		{1F8AA3CC-576E-45B5-A9AF-0F1200974BA7} = {73CB8904-5617-4D71-8BF5-198E8B54193C}
	EndGlobalSection
	GlobalSection(ExtensibilityGlobals) = postSolution
		SolutionGuid = {1EEC97DF-2B40-4882-921D-F44D657668D1}
	EndGlobalSection
EndGlobal
